
Microsoft Visual Studio Solution File, Format Version 12.00
# Visual Studio Version 16
VisualStudioVersion = 16.0.30011.22
MinimumVisualStudioVersion = 10.0.40219.1
Project("{FAE04EC0-301F-11D3-BF4B-00C04F79EFBC}") = "Asp9", "Asp9\Asp9.csproj", "{37FC9EAC-60ED-4D29-995D-11A2A708EA04}"
EndProject
Global
	GlobalSection(SolutionConfigurationPlatforms) = preSolution
		Debug|Any CPU = Debug|Any CPU
		Release|Any CPU = Release|Any CPU
	EndGlobalSection
	GlobalSection(ProjectConfigurationPlatforms) = postSolution
		{37FC9EAC-60ED-4D29-995D-11A2A708EA04}.Debug|Any CPU.ActiveCfg = Debug|Any CPU
		{37FC9EAC-60ED-4D29-995D-11A2A708EA04}.Debug|Any CPU.Build.0 = Debug|Any CPU
		{37FC9EAC-60ED-4D29-995D-11A2A708EA04}.Release|Any CPU.ActiveCfg = Release|Any CPU
		{37FC9EAC-60ED-4D29-995D-11A2A708EA04}.Release|Any CPU.Build.0 = Release|Any CPU
	EndGlobalSection
	GlobalSection(SolutionProperties) = preSolution
		HideSolutionNode = FALSE
	EndGlobalSection
	GlobalSection(ExtensibilityGlobals) = postSolution
		SolutionGuid = {6CC69404-775A-4F3A-A19D-A22AF1371FB5}
	EndGlobalSection
EndGlobal
