
Microsoft Visual Studio Solution File, Format Version 12.00
# Visual Studio Version 16
VisualStudioVersion = 16.0.30011.22
MinimumVisualStudioVersion = 10.0.40219.1
Project("{FAE04EC0-301F-11D3-BF4B-00C04F79EFBC}") = "ASP6", "ASP6\ASP6.csproj", "{EBD77378-0CCE-4713-9DD4-C7D4FEDC3212}"
EndProject
Global
	GlobalSection(SolutionConfigurationPlatforms) = preSolution
		Debug|Any CPU = Debug|Any CPU
		Release|Any CPU = Release|Any CPU
	EndGlobalSection
	GlobalSection(ProjectConfigurationPlatforms) = postSolution
		{EBD77378-0CCE-4713-9DD4-C7D4FEDC3212}.Debug|Any CPU.ActiveCfg = Debug|Any CPU
		{EBD77378-0CCE-4713-9DD4-C7D4FEDC3212}.Debug|Any CPU.Build.0 = Debug|Any CPU
		{EBD77378-0CCE-4713-9DD4-C7D4FEDC3212}.Release|Any CPU.ActiveCfg = Release|Any CPU
		{EBD77378-0CCE-4713-9DD4-C7D4FEDC3212}.Release|Any CPU.Build.0 = Release|Any CPU
	EndGlobalSection
	GlobalSection(SolutionProperties) = preSolution
		HideSolutionNode = FALSE
	EndGlobalSection
	GlobalSection(ExtensibilityGlobals) = postSolution
		SolutionGuid = {97A6506C-CCBF-4F96-92FC-C6DA7916E962}
	EndGlobalSection
EndGlobal
