
Microsoft Visual Studio Solution File, Format Version 12.00
# Visual Studio Version 16
VisualStudioVersion = 16.0.30011.22
MinimumVisualStudioVersion = 10.0.40219.1
Project("{FAE04EC0-301F-11D3-BF4B-00C04F79EFBC}") = "Asp13", "Asp13\Asp13.csproj", "{851DD533-E022-46B4-B737-794728BF92C1}"
EndProject
Global
	GlobalSection(SolutionConfigurationPlatforms) = preSolution
		Debug|Any CPU = Debug|Any CPU
		Release|Any CPU = Release|Any CPU
	EndGlobalSection
	GlobalSection(ProjectConfigurationPlatforms) = postSolution
		{851DD533-E022-46B4-B737-794728BF92C1}.Debug|Any CPU.ActiveCfg = Debug|Any CPU
		{851DD533-E022-46B4-B737-794728BF92C1}.Debug|Any CPU.Build.0 = Debug|Any CPU
		{851DD533-E022-46B4-B737-794728BF92C1}.Release|Any CPU.ActiveCfg = Release|Any CPU
		{851DD533-E022-46B4-B737-794728BF92C1}.Release|Any CPU.Build.0 = Release|Any CPU
	EndGlobalSection
	GlobalSection(SolutionProperties) = preSolution
		HideSolutionNode = FALSE
	EndGlobalSection
	GlobalSection(ExtensibilityGlobals) = postSolution
		SolutionGuid = {3202144E-A485-49CD-8DD6-F3F5A1459533}
	EndGlobalSection
EndGlobal
