
Microsoft Visual Studio Solution File, Format Version 12.00
# Visual Studio Version 16
VisualStudioVersion = 16.0.30114.105
MinimumVisualStudioVersion = 10.0.40219.1
Project("{FAE04EC0-301F-11D3-BF4B-00C04F79EFBC}") = "AspNetCore_Select", "AspNetCore_Select\AspNetCore_Select.csproj", "{84516879-559C-463F-985B-FA4035908E72}"
EndProject
Global
	GlobalSection(SolutionConfigurationPlatforms) = preSolution
		Debug|Any CPU = Debug|Any CPU
		Release|Any CPU = Release|Any CPU
	EndGlobalSection
	GlobalSection(ProjectConfigurationPlatforms) = postSolution
		{84516879-559C-463F-985B-FA4035908E72}.Debug|Any CPU.ActiveCfg = Debug|Any CPU
		{84516879-559C-463F-985B-FA4035908E72}.Debug|Any CPU.Build.0 = Debug|Any CPU
		{84516879-559C-463F-985B-FA4035908E72}.Release|Any CPU.ActiveCfg = Release|Any CPU
		{84516879-559C-463F-985B-FA4035908E72}.Release|Any CPU.Build.0 = Release|Any CPU
	EndGlobalSection
	GlobalSection(SolutionProperties) = preSolution
		HideSolutionNode = FALSE
	EndGlobalSection
	GlobalSection(ExtensibilityGlobals) = postSolution
		SolutionGuid = {45D16904-E128-4703-8960-B126791BE216}
	EndGlobalSection
EndGlobal
