
Microsoft Visual Studio Solution File, Format Version 12.00
# Visual Studio Version 16
VisualStudioVersion = 16.0.30011.22
MinimumVisualStudioVersion = 10.0.40219.1
Project("{FAE04EC0-301F-11D3-BF4B-00C04F79EFBC}") = "Asp16", "Asp16\Asp16.csproj", "{DDDFB4CB-D85C-4F8C-9DE1-DC5443A9A3D6}"
EndProject
Global
	GlobalSection(SolutionConfigurationPlatforms) = preSolution
		Debug|Any CPU = Debug|Any CPU
		Release|Any CPU = Release|Any CPU
	EndGlobalSection
	GlobalSection(ProjectConfigurationPlatforms) = postSolution
		{DDDFB4CB-D85C-4F8C-9DE1-DC5443A9A3D6}.Debug|Any CPU.ActiveCfg = Debug|Any CPU
		{DDDFB4CB-D85C-4F8C-9DE1-DC5443A9A3D6}.Debug|Any CPU.Build.0 = Debug|Any CPU
		{DDDFB4CB-D85C-4F8C-9DE1-DC5443A9A3D6}.Release|Any CPU.ActiveCfg = Release|Any CPU
		{DDDFB4CB-D85C-4F8C-9DE1-DC5443A9A3D6}.Release|Any CPU.Build.0 = Release|Any CPU
	EndGlobalSection
	GlobalSection(SolutionProperties) = preSolution
		HideSolutionNode = FALSE
	EndGlobalSection
	GlobalSection(ExtensibilityGlobals) = postSolution
		SolutionGuid = {D9ED6398-80D2-4E72-A815-608079C5596C}
	EndGlobalSection
EndGlobal
