
Microsoft Visual Studio Solution File, Format Version 12.00
# Visual Studio Version 16
VisualStudioVersion = 16.0.30011.22
MinimumVisualStudioVersion = 10.0.40219.1
Project("{FAE04EC0-301F-11D3-BF4B-00C04F79EFBC}") = "Asp3", "Asp3\Asp3.csproj", "{DFD8918E-6D8D-4A00-9007-24F42BD51BCE}"
EndProject
Global
	GlobalSection(SolutionConfigurationPlatforms) = preSolution
		Debug|Any CPU = Debug|Any CPU
		Release|Any CPU = Release|Any CPU
	EndGlobalSection
	GlobalSection(ProjectConfigurationPlatforms) = postSolution
		{DFD8918E-6D8D-4A00-9007-24F42BD51BCE}.Debug|Any CPU.ActiveCfg = Debug|Any CPU
		{DFD8918E-6D8D-4A00-9007-24F42BD51BCE}.Debug|Any CPU.Build.0 = Debug|Any CPU
		{DFD8918E-6D8D-4A00-9007-24F42BD51BCE}.Release|Any CPU.ActiveCfg = Release|Any CPU
		{DFD8918E-6D8D-4A00-9007-24F42BD51BCE}.Release|Any CPU.Build.0 = Release|Any CPU
	EndGlobalSection
	GlobalSection(SolutionProperties) = preSolution
		HideSolutionNode = FALSE
	EndGlobalSection
	GlobalSection(ExtensibilityGlobals) = postSolution
		SolutionGuid = {FC201B14-7575-43FE-83C1-29438E861279}
	EndGlobalSection
EndGlobal
