
Microsoft Visual Studio Solution File, Format Version 12.00
# Visual Studio Version 16
VisualStudioVersion = 16.0.30011.22
MinimumVisualStudioVersion = 10.0.40219.1
Project("{FAE04EC0-301F-11D3-BF4B-00C04F79EFBC}") = "Asp19", "Asp19\Asp19.csproj", "{051CEE2C-6511-4F5B-9F9E-5337B6586519}"
EndProject
Global
	GlobalSection(SolutionConfigurationPlatforms) = preSolution
		Debug|Any CPU = Debug|Any CPU
		Release|Any CPU = Release|Any CPU
	EndGlobalSection
	GlobalSection(ProjectConfigurationPlatforms) = postSolution
		{051CEE2C-6511-4F5B-9F9E-5337B6586519}.Debug|Any CPU.ActiveCfg = Debug|Any CPU
		{051CEE2C-6511-4F5B-9F9E-5337B6586519}.Debug|Any CPU.Build.0 = Debug|Any CPU
		{051CEE2C-6511-4F5B-9F9E-5337B6586519}.Release|Any CPU.ActiveCfg = Release|Any CPU
		{051CEE2C-6511-4F5B-9F9E-5337B6586519}.Release|Any CPU.Build.0 = Release|Any CPU
	EndGlobalSection
	GlobalSection(SolutionProperties) = preSolution
		HideSolutionNode = FALSE
	EndGlobalSection
	GlobalSection(ExtensibilityGlobals) = postSolution
		SolutionGuid = {CE046749-5433-45B5-BF6C-85DA15A6DBFA}
	EndGlobalSection
EndGlobal
