
Microsoft Visual Studio Solution File, Format Version 12.00
# Visual Studio Version 16
VisualStudioVersion = 16.0.30011.22
MinimumVisualStudioVersion = 10.0.40219.1
Project("{FAE04EC0-301F-11D3-BF4B-00C04F79EFBC}") = "Asp8", "Asp8\Asp8.csproj", "{EC3A0F1E-2863-4E86-982C-BD96236337F2}"
EndProject
Global
	GlobalSection(SolutionConfigurationPlatforms) = preSolution
		Debug|Any CPU = Debug|Any CPU
		Release|Any CPU = Release|Any CPU
	EndGlobalSection
	GlobalSection(ProjectConfigurationPlatforms) = postSolution
		{EC3A0F1E-2863-4E86-982C-BD96236337F2}.Debug|Any CPU.ActiveCfg = Debug|Any CPU
		{EC3A0F1E-2863-4E86-982C-BD96236337F2}.Debug|Any CPU.Build.0 = Debug|Any CPU
		{EC3A0F1E-2863-4E86-982C-BD96236337F2}.Release|Any CPU.ActiveCfg = Release|Any CPU
		{EC3A0F1E-2863-4E86-982C-BD96236337F2}.Release|Any CPU.Build.0 = Release|Any CPU
	EndGlobalSection
	GlobalSection(SolutionProperties) = preSolution
		HideSolutionNode = FALSE
	EndGlobalSection
	GlobalSection(ExtensibilityGlobals) = postSolution
		SolutionGuid = {461A557B-95EB-4CE9-8DC7-AC0A5C6EAB1D}
	EndGlobalSection
EndGlobal
