
Microsoft Visual Studio Solution File, Format Version 12.00
# Visual Studio Version 16
VisualStudioVersion = 16.0.30011.22
MinimumVisualStudioVersion = 10.0.40219.1
Project("{FAE04EC0-301F-11D3-BF4B-00C04F79EFBC}") = "Asp21", "Asp21\Asp21.csproj", "{3DA19FC2-0E7E-460F-8F29-86E5FDA8A45E}"
EndProject
Global
	GlobalSection(SolutionConfigurationPlatforms) = preSolution
		Debug|Any CPU = Debug|Any CPU
		Release|Any CPU = Release|Any CPU
	EndGlobalSection
	GlobalSection(ProjectConfigurationPlatforms) = postSolution
		{3DA19FC2-0E7E-460F-8F29-86E5FDA8A45E}.Debug|Any CPU.ActiveCfg = Debug|Any CPU
		{3DA19FC2-0E7E-460F-8F29-86E5FDA8A45E}.Debug|Any CPU.Build.0 = Debug|Any CPU
		{3DA19FC2-0E7E-460F-8F29-86E5FDA8A45E}.Release|Any CPU.ActiveCfg = Release|Any CPU
		{3DA19FC2-0E7E-460F-8F29-86E5FDA8A45E}.Release|Any CPU.Build.0 = Release|Any CPU
	EndGlobalSection
	GlobalSection(SolutionProperties) = preSolution
		HideSolutionNode = FALSE
	EndGlobalSection
	GlobalSection(ExtensibilityGlobals) = postSolution
		SolutionGuid = {E301E599-0249-4AA1-9307-A2E6F3FDE4E8}
	EndGlobalSection
EndGlobal
