
Microsoft Visual Studio Solution File, Format Version 12.00
# Visual Studio Version 16
VisualStudioVersion = 16.0.30114.105
MinimumVisualStudioVersion = 10.0.40219.1
Project("{FAE04EC0-301F-11D3-BF4B-00C04F79EFBC}") = "AspNetCore_Varios_Ambientes", "AspNetCore_Varios_Ambientes\AspNetCore_Varios_Ambientes.csproj", "{21E4D4F7-81E5-4566-8925-B2F4E8E70C6B}"
EndProject
Global
	GlobalSection(SolutionConfigurationPlatforms) = preSolution
		Debug|Any CPU = Debug|Any CPU
		Release|Any CPU = Release|Any CPU
	EndGlobalSection
	GlobalSection(ProjectConfigurationPlatforms) = postSolution
		{21E4D4F7-81E5-4566-8925-B2F4E8E70C6B}.Debug|Any CPU.ActiveCfg = Debug|Any CPU
		{21E4D4F7-81E5-4566-8925-B2F4E8E70C6B}.Debug|Any CPU.Build.0 = Debug|Any CPU
		{21E4D4F7-81E5-4566-8925-B2F4E8E70C6B}.Release|Any CPU.ActiveCfg = Release|Any CPU
		{21E4D4F7-81E5-4566-8925-B2F4E8E70C6B}.Release|Any CPU.Build.0 = Release|Any CPU
	EndGlobalSection
	GlobalSection(SolutionProperties) = preSolution
		HideSolutionNode = FALSE
	EndGlobalSection
	GlobalSection(ExtensibilityGlobals) = postSolution
		SolutionGuid = {7592EF05-8310-4E8D-9EE7-76A7B149EC7B}
	EndGlobalSection
EndGlobal
