
Microsoft Visual Studio Solution File, Format Version 12.00
# Visual Studio Version 16
VisualStudioVersion = 16.0.30114.105
MinimumVisualStudioVersion = 10.0.40219.1
Project("{FAE04EC0-301F-11D3-BF4B-00C04F79EFBC}") = "GravarArquivoTexto2", "GravarArquivoTexto2\GravarArquivoTexto2.csproj", "{B4477E51-0A63-4D72-BF1B-6102BA04C805}"
EndProject
Global
	GlobalSection(SolutionConfigurationPlatforms) = preSolution
		Debug|Any CPU = Debug|Any CPU
		Release|Any CPU = Release|Any CPU
	EndGlobalSection
	GlobalSection(ProjectConfigurationPlatforms) = postSolution
		{B4477E51-0A63-4D72-BF1B-6102BA04C805}.Debug|Any CPU.ActiveCfg = Debug|Any CPU
		{B4477E51-0A63-4D72-BF1B-6102BA04C805}.Debug|Any CPU.Build.0 = Debug|Any CPU
		{B4477E51-0A63-4D72-BF1B-6102BA04C805}.Release|Any CPU.ActiveCfg = Release|Any CPU
		{B4477E51-0A63-4D72-BF1B-6102BA04C805}.Release|Any CPU.Build.0 = Release|Any CPU
	EndGlobalSection
	GlobalSection(SolutionProperties) = preSolution
		HideSolutionNode = FALSE
	EndGlobalSection
	GlobalSection(ExtensibilityGlobals) = postSolution
		SolutionGuid = {23F7CEB7-C7E6-4317-9FC4-6E166E2D2341}
	EndGlobalSection
EndGlobal
