
Microsoft Visual Studio Solution File, Format Version 12.00
# Visual Studio Version 16
VisualStudioVersion = 16.0.30011.22
MinimumVisualStudioVersion = 10.0.40219.1
Project("{FAE04EC0-301F-11D3-BF4B-00C04F79EFBC}") = "Asp10", "Asp10\Asp10.csproj", "{365281A2-AF09-4195-A260-2159D1520051}"
EndProject
Global
	GlobalSection(SolutionConfigurationPlatforms) = preSolution
		Debug|Any CPU = Debug|Any CPU
		Release|Any CPU = Release|Any CPU
	EndGlobalSection
	GlobalSection(ProjectConfigurationPlatforms) = postSolution
		{365281A2-AF09-4195-A260-2159D1520051}.Debug|Any CPU.ActiveCfg = Debug|Any CPU
		{365281A2-AF09-4195-A260-2159D1520051}.Debug|Any CPU.Build.0 = Debug|Any CPU
		{365281A2-AF09-4195-A260-2159D1520051}.Release|Any CPU.ActiveCfg = Release|Any CPU
		{365281A2-AF09-4195-A260-2159D1520051}.Release|Any CPU.Build.0 = Release|Any CPU
	EndGlobalSection
	GlobalSection(SolutionProperties) = preSolution
		HideSolutionNode = FALSE
	EndGlobalSection
	GlobalSection(ExtensibilityGlobals) = postSolution
		SolutionGuid = {721AA2CB-03FB-4F59-B11B-7D384F624D3F}
	EndGlobalSection
EndGlobal
