
Microsoft Visual Studio Solution File, Format Version 12.00
# Visual Studio Version 16
VisualStudioVersion = 16.0.30011.22
MinimumVisualStudioVersion = 10.0.40219.1
Project("{FAE04EC0-301F-11D3-BF4B-00C04F79EFBC}") = "Asp17", "Asp17\Asp17.csproj", "{02714CCC-6600-4B07-996C-DD3CEB347C50}"
EndProject
Global
	GlobalSection(SolutionConfigurationPlatforms) = preSolution
		Debug|Any CPU = Debug|Any CPU
		Release|Any CPU = Release|Any CPU
	EndGlobalSection
	GlobalSection(ProjectConfigurationPlatforms) = postSolution
		{02714CCC-6600-4B07-996C-DD3CEB347C50}.Debug|Any CPU.ActiveCfg = Debug|Any CPU
		{02714CCC-6600-4B07-996C-DD3CEB347C50}.Debug|Any CPU.Build.0 = Debug|Any CPU
		{02714CCC-6600-4B07-996C-DD3CEB347C50}.Release|Any CPU.ActiveCfg = Release|Any CPU
		{02714CCC-6600-4B07-996C-DD3CEB347C50}.Release|Any CPU.Build.0 = Release|Any CPU
	EndGlobalSection
	GlobalSection(SolutionProperties) = preSolution
		HideSolutionNode = FALSE
	EndGlobalSection
	GlobalSection(ExtensibilityGlobals) = postSolution
		SolutionGuid = {F3DF4F81-0669-454E-A9D2-CC051264A671}
	EndGlobalSection
EndGlobal
